
Microsoft Visual Studio Solution File, Format Version 12.00
# Visual Studio Version 17
VisualStudioVersion = 17.0.31903.59
MinimumVisualStudioVersion = 10.0.40219.1
Project("{FAE04EC0-301F-11D3-BF4B-00C04F79EFBC}") = "StreamNest.Application", "StreamNest.Application\StreamNest.Application.csproj", "{6B5D13ED-8056-4AE2-873B-239AE1112F32}"
EndProject
Project("{FAE04EC0-301F-11D3-BF4B-00C04F79EFBC}") = "StreamNest.Domain", "StreamNest.Domain\StreamNest.Domain.csproj", "{65010523-C08C-460E-9722-003497F18659}"
EndProject
Project("{FAE04EC0-301F-11D3-BF4B-00C04F79EFBC}") = "StreamNest.Extensions", "StreamNest.Extensions\StreamNest.Extensions.csproj", "{E9C90D17-D6DA-4A5C-B7B3-381AC8C12ED2}"
EndProject
Project("{FAE04EC0-301F-11D3-BF4B-00C04F79EFBC}") = "StreamNest.Infrastructure", "StreamNest.Infrastructure\StreamNest.Infrastructure.csproj", "{0C202CC6-FA84-4B38-8DB5-5883780BBB6C}"
EndProject
Project("{FAE04EC0-301F-11D3-BF4B-00C04F79EFBC}") = "StreamNest.API", "StreamNest.API\StreamNest.API.csproj", "{5BCB247B-DD24-4EBF-BFC0-8483DCEE4EF2}"
EndProject
Global
	GlobalSection(SolutionConfigurationPlatforms) = preSolution
		Debug|Any CPU = Debug|Any CPU
		Debug|x64 = Debug|x64
		Debug|x86 = Debug|x86
		Release|Any CPU = Release|Any CPU
		Release|x64 = Release|x64
		Release|x86 = Release|x86
	EndGlobalSection
	GlobalSection(ProjectConfigurationPlatforms) = postSolution
		{6B5D13ED-8056-4AE2-873B-239AE1112F32}.Debug|Any CPU.ActiveCfg = Debug|Any CPU
		{6B5D13ED-8056-4AE2-873B-239AE1112F32}.Debug|Any CPU.Build.0 = Debug|Any CPU
		{6B5D13ED-8056-4AE2-873B-239AE1112F32}.Debug|x64.ActiveCfg = Debug|Any CPU
		{6B5D13ED-8056-4AE2-873B-239AE1112F32}.Debug|x64.Build.0 = Debug|Any CPU
		{6B5D13ED-8056-4AE2-873B-239AE1112F32}.Debug|x86.ActiveCfg = Debug|Any CPU
		{6B5D13ED-8056-4AE2-873B-239AE1112F32}.Debug|x86.Build.0 = Debug|Any CPU
		{6B5D13ED-8056-4AE2-873B-239AE1112F32}.Release|Any CPU.ActiveCfg = Release|Any CPU
		{6B5D13ED-8056-4AE2-873B-239AE1112F32}.Release|Any CPU.Build.0 = Release|Any CPU
		{6B5D13ED-8056-4AE2-873B-239AE1112F32}.Release|x64.ActiveCfg = Release|Any CPU
		{6B5D13ED-8056-4AE2-873B-239AE1112F32}.Release|x64.Build.0 = Release|Any CPU
		{6B5D13ED-8056-4AE2-873B-239AE1112F32}.Release|x86.ActiveCfg = Release|Any CPU
		{6B5D13ED-8056-4AE2-873B-239AE1112F32}.Release|x86.Build.0 = Release|Any CPU
		{65010523-C08C-460E-9722-003497F18659}.Debug|Any CPU.ActiveCfg = Debug|Any CPU
		{65010523-C08C-460E-9722-003497F18659}.Debug|Any CPU.Build.0 = Debug|Any CPU
		{65010523-C08C-460E-9722-003497F18659}.Debug|x64.ActiveCfg = Debug|Any CPU
		{65010523-C08C-460E-9722-003497F18659}.Debug|x64.Build.0 = Debug|Any CPU
		{65010523-C08C-460E-9722-003497F18659}.Debug|x86.ActiveCfg = Debug|Any CPU
		{65010523-C08C-460E-9722-003497F18659}.Debug|x86.Build.0 = Debug|Any CPU
		{65010523-C08C-460E-9722-003497F18659}.Release|Any CPU.ActiveCfg = Release|Any CPU
		{65010523-C08C-460E-9722-003497F18659}.Release|Any CPU.Build.0 = Release|Any CPU
		{65010523-C08C-460E-9722-003497F18659}.Release|x64.ActiveCfg = Release|Any CPU
		{65010523-C08C-460E-9722-003497F18659}.Release|x64.Build.0 = Release|Any CPU
		{65010523-C08C-460E-9722-003497F18659}.Release|x86.ActiveCfg = Release|Any CPU
		{65010523-C08C-460E-9722-003497F18659}.Release|x86.Build.0 = Release|Any CPU
		{E9C90D17-D6DA-4A5C-B7B3-381AC8C12ED2}.Debug|Any CPU.ActiveCfg = Debug|Any CPU
		{E9C90D17-D6DA-4A5C-B7B3-381AC8C12ED2}.Debug|Any CPU.Build.0 = Debug|Any CPU
		{E9C90D17-D6DA-4A5C-B7B3-381AC8C12ED2}.Debug|x64.ActiveCfg = Debug|Any CPU
		{E9C90D17-D6DA-4A5C-B7B3-381AC8C12ED2}.Debug|x64.Build.0 = Debug|Any CPU
		{E9C90D17-D6DA-4A5C-B7B3-381AC8C12ED2}.Debug|x86.ActiveCfg = Debug|Any CPU
		{E9C90D17-D6DA-4A5C-B7B3-381AC8C12ED2}.Debug|x86.Build.0 = Debug|Any CPU
		{E9C90D17-D6DA-4A5C-B7B3-381AC8C12ED2}.Release|Any CPU.ActiveCfg = Release|Any CPU
		{E9C90D17-D6DA-4A5C-B7B3-381AC8C12ED2}.Release|Any CPU.Build.0 = Release|Any CPU
		{E9C90D17-D6DA-4A5C-B7B3-381AC8C12ED2}.Release|x64.ActiveCfg = Release|Any CPU
		{E9C90D17-D6DA-4A5C-B7B3-381AC8C12ED2}.Release|x64.Build.0 = Release|Any CPU
		{E9C90D17-D6DA-4A5C-B7B3-381AC8C12ED2}.Release|x86.ActiveCfg = Release|Any CPU
		{E9C90D17-D6DA-4A5C-B7B3-381AC8C12ED2}.Release|x86.Build.0 = Release|Any CPU
		{0C202CC6-FA84-4B38-8DB5-5883780BBB6C}.Debug|Any CPU.ActiveCfg = Debug|Any CPU
		{0C202CC6-FA84-4B38-8DB5-5883780BBB6C}.Debug|Any CPU.Build.0 = Debug|Any CPU
		{0C202CC6-FA84-4B38-8DB5-5883780BBB6C}.Debug|x64.ActiveCfg = Debug|Any CPU
		{0C202CC6-FA84-4B38-8DB5-5883780BBB6C}.Debug|x64.Build.0 = Debug|Any CPU
		{0C202CC6-FA84-4B38-8DB5-5883780BBB6C}.Debug|x86.ActiveCfg = Debug|Any CPU
		{0C202CC6-FA84-4B38-8DB5-5883780BBB6C}.Debug|x86.Build.0 = Debug|Any CPU
		{0C202CC6-FA84-4B38-8DB5-5883780BBB6C}.Release|Any CPU.ActiveCfg = Release|Any CPU
		{0C202CC6-FA84-4B38-8DB5-5883780BBB6C}.Release|Any CPU.Build.0 = Release|Any CPU
		{0C202CC6-FA84-4B38-8DB5-5883780BBB6C}.Release|x64.ActiveCfg = Release|Any CPU
		{0C202CC6-FA84-4B38-8DB5-5883780BBB6C}.Release|x64.Build.0 = Release|Any CPU
		{0C202CC6-FA84-4B38-8DB5-5883780BBB6C}.Release|x86.ActiveCfg = Release|Any CPU
		{0C202CC6-FA84-4B38-8DB5-5883780BBB6C}.Release|x86.Build.0 = Release|Any CPU
		{5BCB247B-DD24-4EBF-BFC0-8483DCEE4EF2}.Debug|Any CPU.ActiveCfg = Debug|Any CPU
		{5BCB247B-DD24-4EBF-BFC0-8483DCEE4EF2}.Debug|Any CPU.Build.0 = Debug|Any CPU
		{5BCB247B-DD24-4EBF-BFC0-8483DCEE4EF2}.Debug|x64.ActiveCfg = Debug|Any CPU
		{5BCB247B-DD24-4EBF-BFC0-8483DCEE4EF2}.Debug|x64.Build.0 = Debug|Any CPU
		{5BCB247B-DD24-4EBF-BFC0-8483DCEE4EF2}.Debug|x86.ActiveCfg = Debug|Any CPU
		{5BCB247B-DD24-4EBF-BFC0-8483DCEE4EF2}.Debug|x86.Build.0 = Debug|Any CPU
		{5BCB247B-DD24-4EBF-BFC0-8483DCEE4EF2}.Release|Any CPU.ActiveCfg = Release|Any CPU
		{5BCB247B-DD24-4EBF-BFC0-8483DCEE4EF2}.Release|Any CPU.Build.0 = Release|Any CPU
		{5BCB247B-DD24-4EBF-BFC0-8483DCEE4EF2}.Release|x64.ActiveCfg = Release|Any CPU
		{5BCB247B-DD24-4EBF-BFC0-8483DCEE4EF2}.Release|x64.Build.0 = Release|Any CPU
		{5BCB247B-DD24-4EBF-BFC0-8483DCEE4EF2}.Release|x86.ActiveCfg = Release|Any CPU
		{5BCB247B-DD24-4EBF-BFC0-8483DCEE4EF2}.Release|x86.Build.0 = Release|Any CPU
	EndGlobalSection
	GlobalSection(SolutionProperties) = preSolution
		HideSolutionNode = FALSE
	EndGlobalSection
EndGlobal
